NeoBundleLock Align 787662fe90cd057942bc5b682fd70c87e1a9dd77
NeoBundleLock AuthorInfo 70dcca0e64fd9f87524adcfa8af7284b42e4e795
NeoBundleLock AutoClose d50ea9a887e14e1af43788beaa66144bbc745cb5
NeoBundleLock Command-T f7344ebbe95c532b2ad01f19877d6d611db0193b
NeoBundleLock DBGPavim 148762df6300f3be076e2e8629a1e98b2e405487
NeoBundleLock HTML-AutoCloseTag af2c6d8b442d07ceb4567300d8ad749ce80d065a
NeoBundleLock MatchTag ebcbbbe7fc9f195d7602937e5fc58b96f6e705c1
NeoBundleLock PDV--phpDocumentor-for-Vim e52f5dd84317541cb9249645b4dcd5009153391f
NeoBundleLock VVDocumenter-Xcode a732c23f1d2b0fb4c6a593aafe82827a1953eb1b
NeoBundleLock Vim-bookmark 05430515ec86cc4f8b0eb2da8621611b181bf99c
NeoBundleLock Vundle.vim 5f70ae6025e951f0154e3940d123138adffa4c88
NeoBundleLock ag.vim 6600953fc7c85ca43216abf4765118994bf0cc5f
NeoBundleLock c.vim 69f0368c7d8dac196bd94ddfa80d98b1cedc7eb0
NeoBundleLock colorizer 1d44ec9e10b6a9edb0cdf64dde59181e8c0ee2c1
NeoBundleLock ctrlp.vim 7a80267ed061f3dc30bb319f438bdadfd8c7b1fd
NeoBundleLock delimitMate.vim a2bda0d9199bc8343ffdbff2b562b1e2486a67b5
NeoBundleLock fonts a44abd0e742ad6e7fd8d8bc4c3cad5155c9f3a92
NeoBundleLock gocode 2b99fc4d372b017483b7596c4577bf5f15479772
NeoBundleLock grep.vim 852ddb0c6590bbc41c508d7f5d2fc17112492def
NeoBundleLock indentLine 87a29facd8fbaffd4db3972bb555cfe51f2bac42
NeoBundleLock jsbeautify 0a185607de8ed3e115fc5a6e6ebe6c5403994f25
NeoBundleLock matchit.zip ced6c409c9beeb0b4142d21906606bd194411d1d
NeoBundleLock minibufexpl.vim c05c2dcd2a8af7ff279089c300bd7f9e81bffd9f
NeoBundleLock mru 6e6064a087e73d6376962a1b05382b6dc72f7048
NeoBundleLock neocomplcache 778181767467b8f8016828898779a646074d883a
NeoBundleLock nerdcommenter 1f4bfd59920c101a30a74a07b824608a6e65f3fe
NeoBundleLock nerdtree 4ebbb533c3faf2c480211db2b547972bb3b60f2b
NeoBundleLock php.vim ca56841fa787d094e2f7d816e2a2db6fdb3ea65f
NeoBundleLock phpcomplete.vim 3889ad4d7a57de7cdc06369b7edcff20aa6344dc
NeoBundleLock sessionman.vim 845d35b84c5c51f631d8bfa4afe3edc126102ba9
NeoBundleLock snipmate.vim f5a75d075d3c005ebe69e3f5e56cf99516e8aa3b
NeoBundleLock supertab 9f7da6d4988daf863ebc414f221bb12c2614f59e
NeoBundleLock surround.vim 324a8735bb82193a1a413e207dc1aaf60f3a1d82
NeoBundleLock syntastic 48736aa376341518d7bedf3a39daf0ae9e1dcdc0
NeoBundleLock tabline.vim 87e40395fdeed63bd14ef68b95404243bece609e
NeoBundleLock tagbar 7b36c46d17d57db34fdb0adac9ba6382d0bb5e66
NeoBundleLock taglist.vim 53041fbc45398a9af631a20657e109707a455339
NeoBundleLock unite.vim aefd6c32ef8dc5b357efe7d8e5cd3dd4aa785d5c
NeoBundleLock vdebug 604cc62239a59d9388630526313f3d1433009629
NeoBundleLock vim-airline 14d14cf951c08fc88ca6c3e6f28fe47b99421e23
NeoBundleLock vim-colors-solarized 528a59f26d12278698bb946f8fb82a63711eec21
NeoBundleLock vim-devicons 0e1b7864cfee4b0585daa277bedd992f858e1e75
NeoBundleLock vim-easymotion a21d4474f0e9df7a721246e0a3b386068901965f
NeoBundleLock vim-flagship 77342d7c268bede0a7a1ed6c6090c5543230c6b4
NeoBundleLock vim-go 0aeb07e9305f5696bfc1cffb1e3b2226d851b913
NeoBundleLock vim-markdown bd875ab511fafa4504f36852a42927ef9c0e1fd1
NeoBundleLock vim-php-manual d05a65aa32c77fe67da51b0190a80503fd1994f5
NeoBundleLock vim-phpqa 2e97eb0c74bbafd408d7bd03f589144441517a49
NeoBundleLock vim-quickrun 5bcb966b80d9d9e4051d9882a07fd61a2ea39d23
NeoBundleLock vim-signature 7cabfb5a3d3b45e739eb1d7e198782fb4a5a23da
NeoBundleLock vimcdoc c5b808a547a22c76b81ac5d4148156b7f1aa89a4
NeoBundleLock vimfiler.vim 314f4166ed4826c8f6fc4eb7e2c75499a122aff3
NeoBundleLock vimproc.vim f96e476e41ab4cdb9c37242c8cf76f1e5aa5b91d
NeoBundleLock winmanager ed428674b95ec5a0a310336efc17f037638854b6
